
Microsoft Visual Studio Solution File, Format Version 11.00
# Visual Studio 2010
Project("{8BC9CEB8-8B4A-11D0-8D11-00A0C91BC942}") = "gamp_c", "gamp_c\gamp_c.vcxproj", "{3139099D-96CD-47D8-B356-2F17542A54C8}"
EndProject
Global
	GlobalSection(SolutionConfigurationPlatforms) = preSolution
		Debug|Win32 = Debug|Win32
		Release|Win32 = Release|Win32
	EndGlobalSection
	GlobalSection(ProjectConfigurationPlatforms) = postSolution
		{3139099D-96CD-47D8-B356-2F17542A54C8}.Debug|Win32.ActiveCfg = Debug|Win32
		{3139099D-96CD-47D8-B356-2F17542A54C8}.Debug|Win32.Build.0 = Debug|Win32
		{3139099D-96CD-47D8-B356-2F17542A54C8}.Release|Win32.ActiveCfg = Release|Win32
		{3139099D-96CD-47D8-B356-2F17542A54C8}.Release|Win32.Build.0 = Release|Win32
	EndGlobalSection
	GlobalSection(SolutionProperties) = preSolution
		HideSolutionNode = FALSE
	EndGlobalSection
EndGlobal
